[[package]]
name = "assert_approx_eq"
version = "1.0.0"
source = "registry+https://github.com/rust-lang/crates.io-index"

[[package]]
name = "byteorder"
version = "1.2.7"
source = "registry+https://github.com/rust-lang/crates.io-index"

[[package]]
name = "libc"
version = "0.2.44"
source = "registry+https://github.com/rust-lang/crates.io-index"

[[package]]
name = "memchr"
version = "1.0.2"
source = "registry+https://github.com/rust-lang/crates.io-index"
dependencies = [
 "libc 0.2.44 (registry+https://github.com/rust-lang/crates.io-index)",
]

[[package]]
name = "nom"
version = "3.2.1"
source = "registry+https://github.com/rust-lang/crates.io-index"
dependencies = [
 "memchr 1.0.2 (registry+https://github.com/rust-lang/crates.io-index)",
]

[[package]]
name = "npy"
version = "0.4.0"
source = "registry+https://github.com/rust-lang/crates.io-index"
dependencies = [
 "byteorder 1.2.7 (registry+https://github.com/rust-lang/crates.io-index)",
 "nom 3.2.1 (registry+https://github.com/rust-lang/crates.io-index)",
]

[[package]]
name = "tins"
version = "0.1.0"
dependencies = [
 "assert_approx_eq 1.0.0 (registry+https://github.com/rust-lang/crates.io-index)",
 "npy 0.4.0 (registry+https://github.com/rust-lang/crates.io-index)",
]

[metadata]
"checksum assert_approx_eq 1.0.0 (registry+https://github.com/rust-lang/crates.io-index)" = "1a38a0dd5749f34b8a61d7c1cc47e68c7955676bd17e1b25dd1d30901c556655"
"checksum byteorder 1.2.7 (registry+https://github.com/rust-lang/crates.io-index)" = "94f88df23a25417badc922ab0f5716cc1330e87f71ddd9203b3a3ccd9cedf75d"
"checksum libc 0.2.44 (registry+https://github.com/rust-lang/crates.io-index)" = "10923947f84a519a45c8fefb7dd1b3e8c08747993381adee176d7a82b4195311"
"checksum memchr 1.0.2 (registry+https://github.com/rust-lang/crates.io-index)" = "148fab2e51b4f1cfc66da2a7c32981d1d3c083a803978268bb11fe4b86925e7a"
"checksum nom 3.2.1 (registry+https://github.com/rust-lang/crates.io-index)" = "05aec50c70fd288702bcd93284a8444607f3292dbdf2a30de5ea5dcdbe72287b"
"checksum npy 0.4.0 (registry+https://github.com/rust-lang/crates.io-index)" = "428bbb4dd63ca4318d430b61e64e9ba7809d11525605905eaa88c73b01d91ed4"
